
Microsoft Visual Studio Solution File, Format Version 12.00
# Visual Studio 15
VisualStudioVersion = 15.0.26124.0
MinimumVisualStudioVersion = 15.0.26124.0
Project("{FAE04EC0-301F-11D3-BF4B-00C04F79EFBC}") = "EnTierDeprecated", "EnTierDeprecated\EnTierDeprecated.csproj", "{F86AF83C-0174-406B-B7BC-B7573AAC5B0D}"
EndProject
Project("{FAE04EC0-301F-11D3-BF4B-00C04F79EFBC}") = "EnTier", "EnTier\EnTier.csproj", "{D38A9DB9-0D88-42B1-840E-BC06EE7EBB05}"
EndProject
Project("{FAE04EC0-301F-11D3-BF4B-00C04F79EFBC}") = "Example.InMemorySingleLayerEntity", "Example.InMemorySingleLayerEntity\Example.InMemorySingleLayerEntity.csproj", "{07706C18-3956-4ADA-82D2-1E369B314F6B}"
EndProject
Project("{FAE04EC0-301F-11D3-BF4B-00C04F79EFBC}") = "Example.JsonFile", "Example.JsonFile\Example.JsonFile.csproj", "{FFF1C592-1EFB-40F8-82CC-ED91C8A17F3D}"
EndProject
Project("{FAE04EC0-301F-11D3-BF4B-00C04F79EFBC}") = "EnTier.DataAccess.EntityFramework", "EnTier.DataAccess.EntityFramework\EnTier.DataAccess.EntityFramework.csproj", "{19B024D4-7230-4AE6-839A-DC54568B070D}"
EndProject
Project("{FAE04EC0-301F-11D3-BF4B-00C04F79EFBC}") = "Example.EntityFramework", "Example.EntityFramework\Example.EntityFramework.csproj", "{3BD327EE-0214-4FA1-976A-BDBC7302975C}"
EndProject
Project("{FAE04EC0-301F-11D3-BF4B-00C04F79EFBC}") = "Example.Test", "Example.Test\Example.Test.csproj", "{B9AF7246-B805-4931-B4BD-29D7DDE29FA8}"
EndProject
Project("{FAE04EC0-301F-11D3-BF4B-00C04F79EFBC}") = "EnTier.AutoMapper", "EnTier.AutoMapper\EnTier.AutoMapper.csproj", "{6F95F9EA-9636-4EB0-A2BD-DC64D7DAC730}"
EndProject
Project("{FAE04EC0-301F-11D3-BF4B-00C04F79EFBC}") = "Example.AutoMapper", "Example.AutoMapper\Example.AutoMapper.csproj", "{EBC0E0C2-42DB-4C2E-8AE0-05F68C677156}"
EndProject
Project("{FAE04EC0-301F-11D3-BF4B-00C04F79EFBC}") = "EnTier.DependencyInjection.CastleWindsor", "EnTier.DependencyInjection.CastleWindsor\EnTier.DependencyInjection.CastleWindsor.csproj", "{E346F42F-C776-476C-ACD1-656BECC6D7B9}"
EndProject
Project("{FAE04EC0-301F-11D3-BF4B-00C04F79EFBC}") = "Example.CastleWindsor", "Example.CastleWindsor\Example.CastleWindsor.csproj", "{AC06ABE8-F409-460A-87FF-01AEAD5CD160}"
EndProject
Project("{FAE04EC0-301F-11D3-BF4B-00C04F79EFBC}") = "Example.Unity", "Example.Unity\Example.Unity.csproj", "{5EE2C858-BE5D-4810-B5F5-1DC282DBD255}"
EndProject
Global
	GlobalSection(SolutionProperties) = preSolution
		HideSolutionNode = FALSE
	EndGlobalSection
	GlobalSection(SolutionConfigurationPlatforms) = preSolution
		Debug|Any CPU = Debug|Any CPU
		Debug|x64 = Debug|x64
		Debug|x86 = Debug|x86
		Release|Any CPU = Release|Any CPU
		Release|x64 = Release|x64
		Release|x86 = Release|x86
	EndGlobalSection
	GlobalSection(ProjectConfigurationPlatforms) = postSolution
		{F86AF83C-0174-406B-B7BC-B7573AAC5B0D}.Debug|Any CPU.ActiveCfg = Debug|Any CPU
		{F86AF83C-0174-406B-B7BC-B7573AAC5B0D}.Debug|Any CPU.Build.0 = Debug|Any CPU
		{F86AF83C-0174-406B-B7BC-B7573AAC5B0D}.Debug|x64.ActiveCfg = Debug|Any CPU
		{F86AF83C-0174-406B-B7BC-B7573AAC5B0D}.Debug|x64.Build.0 = Debug|Any CPU
		{F86AF83C-0174-406B-B7BC-B7573AAC5B0D}.Debug|x86.ActiveCfg = Debug|Any CPU
		{F86AF83C-0174-406B-B7BC-B7573AAC5B0D}.Debug|x86.Build.0 = Debug|Any CPU
		{F86AF83C-0174-406B-B7BC-B7573AAC5B0D}.Release|Any CPU.ActiveCfg = Release|Any CPU
		{F86AF83C-0174-406B-B7BC-B7573AAC5B0D}.Release|Any CPU.Build.0 = Release|Any CPU
		{F86AF83C-0174-406B-B7BC-B7573AAC5B0D}.Release|x64.ActiveCfg = Release|Any CPU
		{F86AF83C-0174-406B-B7BC-B7573AAC5B0D}.Release|x64.Build.0 = Release|Any CPU
		{F86AF83C-0174-406B-B7BC-B7573AAC5B0D}.Release|x86.ActiveCfg = Release|Any CPU
		{F86AF83C-0174-406B-B7BC-B7573AAC5B0D}.Release|x86.Build.0 = Release|Any CPU
		{D38A9DB9-0D88-42B1-840E-BC06EE7EBB05}.Debug|Any CPU.ActiveCfg = Debug|Any CPU
		{D38A9DB9-0D88-42B1-840E-BC06EE7EBB05}.Debug|Any CPU.Build.0 = Debug|Any CPU
		{D38A9DB9-0D88-42B1-840E-BC06EE7EBB05}.Debug|x64.ActiveCfg = Debug|Any CPU
		{D38A9DB9-0D88-42B1-840E-BC06EE7EBB05}.Debug|x64.Build.0 = Debug|Any CPU
		{D38A9DB9-0D88-42B1-840E-BC06EE7EBB05}.Debug|x86.ActiveCfg = Debug|Any CPU
		{D38A9DB9-0D88-42B1-840E-BC06EE7EBB05}.Debug|x86.Build.0 = Debug|Any CPU
		{D38A9DB9-0D88-42B1-840E-BC06EE7EBB05}.Release|Any CPU.ActiveCfg = Release|Any CPU
		{D38A9DB9-0D88-42B1-840E-BC06EE7EBB05}.Release|Any CPU.Build.0 = Release|Any CPU
		{D38A9DB9-0D88-42B1-840E-BC06EE7EBB05}.Release|x64.ActiveCfg = Release|Any CPU
		{D38A9DB9-0D88-42B1-840E-BC06EE7EBB05}.Release|x64.Build.0 = Release|Any CPU
		{D38A9DB9-0D88-42B1-840E-BC06EE7EBB05}.Release|x86.ActiveCfg = Release|Any CPU
		{D38A9DB9-0D88-42B1-840E-BC06EE7EBB05}.Release|x86.Build.0 = Release|Any CPU
		{07706C18-3956-4ADA-82D2-1E369B314F6B}.Debug|Any CPU.ActiveCfg = Debug|Any CPU
		{07706C18-3956-4ADA-82D2-1E369B314F6B}.Debug|Any CPU.Build.0 = Debug|Any CPU
		{07706C18-3956-4ADA-82D2-1E369B314F6B}.Debug|x64.ActiveCfg = Debug|Any CPU
		{07706C18-3956-4ADA-82D2-1E369B314F6B}.Debug|x64.Build.0 = Debug|Any CPU
		{07706C18-3956-4ADA-82D2-1E369B314F6B}.Debug|x86.ActiveCfg = Debug|Any CPU
		{07706C18-3956-4ADA-82D2-1E369B314F6B}.Debug|x86.Build.0 = Debug|Any CPU
		{07706C18-3956-4ADA-82D2-1E369B314F6B}.Release|Any CPU.ActiveCfg = Release|Any CPU
		{07706C18-3956-4ADA-82D2-1E369B314F6B}.Release|Any CPU.Build.0 = Release|Any CPU
		{07706C18-3956-4ADA-82D2-1E369B314F6B}.Release|x64.ActiveCfg = Release|Any CPU
		{07706C18-3956-4ADA-82D2-1E369B314F6B}.Release|x64.Build.0 = Release|Any CPU
		{07706C18-3956-4ADA-82D2-1E369B314F6B}.Release|x86.ActiveCfg = Release|Any CPU
		{07706C18-3956-4ADA-82D2-1E369B314F6B}.Release|x86.Build.0 = Release|Any CPU
		{FFF1C592-1EFB-40F8-82CC-ED91C8A17F3D}.Debug|Any CPU.ActiveCfg = Debug|Any CPU
		{FFF1C592-1EFB-40F8-82CC-ED91C8A17F3D}.Debug|Any CPU.Build.0 = Debug|Any CPU
		{FFF1C592-1EFB-40F8-82CC-ED91C8A17F3D}.Debug|x64.ActiveCfg = Debug|Any CPU
		{FFF1C592-1EFB-40F8-82CC-ED91C8A17F3D}.Debug|x64.Build.0 = Debug|Any CPU
		{FFF1C592-1EFB-40F8-82CC-ED91C8A17F3D}.Debug|x86.ActiveCfg = Debug|Any CPU
		{FFF1C592-1EFB-40F8-82CC-ED91C8A17F3D}.Debug|x86.Build.0 = Debug|Any CPU
		{FFF1C592-1EFB-40F8-82CC-ED91C8A17F3D}.Release|Any CPU.ActiveCfg = Release|Any CPU
		{FFF1C592-1EFB-40F8-82CC-ED91C8A17F3D}.Release|Any CPU.Build.0 = Release|Any CPU
		{FFF1C592-1EFB-40F8-82CC-ED91C8A17F3D}.Release|x64.ActiveCfg = Release|Any CPU
		{FFF1C592-1EFB-40F8-82CC-ED91C8A17F3D}.Release|x64.Build.0 = Release|Any CPU
		{FFF1C592-1EFB-40F8-82CC-ED91C8A17F3D}.Release|x86.ActiveCfg = Release|Any CPU
		{FFF1C592-1EFB-40F8-82CC-ED91C8A17F3D}.Release|x86.Build.0 = Release|Any CPU
		{19B024D4-7230-4AE6-839A-DC54568B070D}.Debug|Any CPU.ActiveCfg = Debug|Any CPU
		{19B024D4-7230-4AE6-839A-DC54568B070D}.Debug|Any CPU.Build.0 = Debug|Any CPU
		{19B024D4-7230-4AE6-839A-DC54568B070D}.Debug|x64.ActiveCfg = Debug|Any CPU
		{19B024D4-7230-4AE6-839A-DC54568B070D}.Debug|x64.Build.0 = Debug|Any CPU
		{19B024D4-7230-4AE6-839A-DC54568B070D}.Debug|x86.ActiveCfg = Debug|Any CPU
		{19B024D4-7230-4AE6-839A-DC54568B070D}.Debug|x86.Build.0 = Debug|Any CPU
		{19B024D4-7230-4AE6-839A-DC54568B070D}.Release|Any CPU.ActiveCfg = Release|Any CPU
		{19B024D4-7230-4AE6-839A-DC54568B070D}.Release|Any CPU.Build.0 = Release|Any CPU
		{19B024D4-7230-4AE6-839A-DC54568B070D}.Release|x64.ActiveCfg = Release|Any CPU
		{19B024D4-7230-4AE6-839A-DC54568B070D}.Release|x64.Build.0 = Release|Any CPU
		{19B024D4-7230-4AE6-839A-DC54568B070D}.Release|x86.ActiveCfg = Release|Any CPU
		{19B024D4-7230-4AE6-839A-DC54568B070D}.Release|x86.Build.0 = Release|Any CPU
		{3BD327EE-0214-4FA1-976A-BDBC7302975C}.Debug|Any CPU.ActiveCfg = Debug|Any CPU
		{3BD327EE-0214-4FA1-976A-BDBC7302975C}.Debug|Any CPU.Build.0 = Debug|Any CPU
		{3BD327EE-0214-4FA1-976A-BDBC7302975C}.Debug|x64.ActiveCfg = Debug|Any CPU
		{3BD327EE-0214-4FA1-976A-BDBC7302975C}.Debug|x64.Build.0 = Debug|Any CPU
		{3BD327EE-0214-4FA1-976A-BDBC7302975C}.Debug|x86.ActiveCfg = Debug|Any CPU
		{3BD327EE-0214-4FA1-976A-BDBC7302975C}.Debug|x86.Build.0 = Debug|Any CPU
		{3BD327EE-0214-4FA1-976A-BDBC7302975C}.Release|Any CPU.ActiveCfg = Release|Any CPU
		{3BD327EE-0214-4FA1-976A-BDBC7302975C}.Release|Any CPU.Build.0 = Release|Any CPU
		{3BD327EE-0214-4FA1-976A-BDBC7302975C}.Release|x64.ActiveCfg = Release|Any CPU
		{3BD327EE-0214-4FA1-976A-BDBC7302975C}.Release|x64.Build.0 = Release|Any CPU
		{3BD327EE-0214-4FA1-976A-BDBC7302975C}.Release|x86.ActiveCfg = Release|Any CPU
		{3BD327EE-0214-4FA1-976A-BDBC7302975C}.Release|x86.Build.0 = Release|Any CPU
		{B9AF7246-B805-4931-B4BD-29D7DDE29FA8}.Debug|Any CPU.ActiveCfg = Debug|Any CPU
		{B9AF7246-B805-4931-B4BD-29D7DDE29FA8}.Debug|Any CPU.Build.0 = Debug|Any CPU
		{B9AF7246-B805-4931-B4BD-29D7DDE29FA8}.Debug|x64.ActiveCfg = Debug|Any CPU
		{B9AF7246-B805-4931-B4BD-29D7DDE29FA8}.Debug|x64.Build.0 = Debug|Any CPU
		{B9AF7246-B805-4931-B4BD-29D7DDE29FA8}.Debug|x86.ActiveCfg = Debug|Any CPU
		{B9AF7246-B805-4931-B4BD-29D7DDE29FA8}.Debug|x86.Build.0 = Debug|Any CPU
		{B9AF7246-B805-4931-B4BD-29D7DDE29FA8}.Release|Any CPU.ActiveCfg = Release|Any CPU
		{B9AF7246-B805-4931-B4BD-29D7DDE29FA8}.Release|Any CPU.Build.0 = Release|Any CPU
		{B9AF7246-B805-4931-B4BD-29D7DDE29FA8}.Release|x64.ActiveCfg = Release|Any CPU
		{B9AF7246-B805-4931-B4BD-29D7DDE29FA8}.Release|x64.Build.0 = Release|Any CPU
		{B9AF7246-B805-4931-B4BD-29D7DDE29FA8}.Release|x86.ActiveCfg = Release|Any CPU
		{B9AF7246-B805-4931-B4BD-29D7DDE29FA8}.Release|x86.Build.0 = Release|Any CPU
		{6F95F9EA-9636-4EB0-A2BD-DC64D7DAC730}.Debug|Any CPU.ActiveCfg = Debug|Any CPU
		{6F95F9EA-9636-4EB0-A2BD-DC64D7DAC730}.Debug|Any CPU.Build.0 = Debug|Any CPU
		{6F95F9EA-9636-4EB0-A2BD-DC64D7DAC730}.Debug|x64.ActiveCfg = Debug|Any CPU
		{6F95F9EA-9636-4EB0-A2BD-DC64D7DAC730}.Debug|x64.Build.0 = Debug|Any CPU
		{6F95F9EA-9636-4EB0-A2BD-DC64D7DAC730}.Debug|x86.ActiveCfg = Debug|Any CPU
		{6F95F9EA-9636-4EB0-A2BD-DC64D7DAC730}.Debug|x86.Build.0 = Debug|Any CPU
		{6F95F9EA-9636-4EB0-A2BD-DC64D7DAC730}.Release|Any CPU.ActiveCfg = Release|Any CPU
		{6F95F9EA-9636-4EB0-A2BD-DC64D7DAC730}.Release|Any CPU.Build.0 = Release|Any CPU
		{6F95F9EA-9636-4EB0-A2BD-DC64D7DAC730}.Release|x64.ActiveCfg = Release|Any CPU
		{6F95F9EA-9636-4EB0-A2BD-DC64D7DAC730}.Release|x64.Build.0 = Release|Any CPU
		{6F95F9EA-9636-4EB0-A2BD-DC64D7DAC730}.Release|x86.ActiveCfg = Release|Any CPU
		{6F95F9EA-9636-4EB0-A2BD-DC64D7DAC730}.Release|x86.Build.0 = Release|Any CPU
		{EBC0E0C2-42DB-4C2E-8AE0-05F68C677156}.Debug|Any CPU.ActiveCfg = Debug|Any CPU
		{EBC0E0C2-42DB-4C2E-8AE0-05F68C677156}.Debug|Any CPU.Build.0 = Debug|Any CPU
		{EBC0E0C2-42DB-4C2E-8AE0-05F68C677156}.Debug|x64.ActiveCfg = Debug|Any CPU
		{EBC0E0C2-42DB-4C2E-8AE0-05F68C677156}.Debug|x64.Build.0 = Debug|Any CPU
		{EBC0E0C2-42DB-4C2E-8AE0-05F68C677156}.Debug|x86.ActiveCfg = Debug|Any CPU
		{EBC0E0C2-42DB-4C2E-8AE0-05F68C677156}.Debug|x86.Build.0 = Debug|Any CPU
		{EBC0E0C2-42DB-4C2E-8AE0-05F68C677156}.Release|Any CPU.ActiveCfg = Release|Any CPU
		{EBC0E0C2-42DB-4C2E-8AE0-05F68C677156}.Release|Any CPU.Build.0 = Release|Any CPU
		{EBC0E0C2-42DB-4C2E-8AE0-05F68C677156}.Release|x64.ActiveCfg = Release|Any CPU
		{EBC0E0C2-42DB-4C2E-8AE0-05F68C677156}.Release|x64.Build.0 = Release|Any CPU
		{EBC0E0C2-42DB-4C2E-8AE0-05F68C677156}.Release|x86.ActiveCfg = Release|Any CPU
		{EBC0E0C2-42DB-4C2E-8AE0-05F68C677156}.Release|x86.Build.0 = Release|Any CPU
		{E346F42F-C776-476C-ACD1-656BECC6D7B9}.Debug|Any CPU.ActiveCfg = Debug|Any CPU
		{E346F42F-C776-476C-ACD1-656BECC6D7B9}.Debug|Any CPU.Build.0 = Debug|Any CPU
		{E346F42F-C776-476C-ACD1-656BECC6D7B9}.Debug|x64.ActiveCfg = Debug|Any CPU
		{E346F42F-C776-476C-ACD1-656BECC6D7B9}.Debug|x64.Build.0 = Debug|Any CPU
		{E346F42F-C776-476C-ACD1-656BECC6D7B9}.Debug|x86.ActiveCfg = Debug|Any CPU
		{E346F42F-C776-476C-ACD1-656BECC6D7B9}.Debug|x86.Build.0 = Debug|Any CPU
		{E346F42F-C776-476C-ACD1-656BECC6D7B9}.Release|Any CPU.ActiveCfg = Release|Any CPU
		{E346F42F-C776-476C-ACD1-656BECC6D7B9}.Release|Any CPU.Build.0 = Release|Any CPU
		{E346F42F-C776-476C-ACD1-656BECC6D7B9}.Release|x64.ActiveCfg = Release|Any CPU
		{E346F42F-C776-476C-ACD1-656BECC6D7B9}.Release|x64.Build.0 = Release|Any CPU
		{E346F42F-C776-476C-ACD1-656BECC6D7B9}.Release|x86.ActiveCfg = Release|Any CPU
		{E346F42F-C776-476C-ACD1-656BECC6D7B9}.Release|x86.Build.0 = Release|Any CPU
		{AC06ABE8-F409-460A-87FF-01AEAD5CD160}.Debug|Any CPU.ActiveCfg = Debug|Any CPU
		{AC06ABE8-F409-460A-87FF-01AEAD5CD160}.Debug|Any CPU.Build.0 = Debug|Any CPU
		{AC06ABE8-F409-460A-87FF-01AEAD5CD160}.Debug|x64.ActiveCfg = Debug|Any CPU
		{AC06ABE8-F409-460A-87FF-01AEAD5CD160}.Debug|x64.Build.0 = Debug|Any CPU
		{AC06ABE8-F409-460A-87FF-01AEAD5CD160}.Debug|x86.ActiveCfg = Debug|Any CPU
		{AC06ABE8-F409-460A-87FF-01AEAD5CD160}.Debug|x86.Build.0 = Debug|Any CPU
		{AC06ABE8-F409-460A-87FF-01AEAD5CD160}.Release|Any CPU.ActiveCfg = Release|Any CPU
		{AC06ABE8-F409-460A-87FF-01AEAD5CD160}.Release|Any CPU.Build.0 = Release|Any CPU
		{AC06ABE8-F409-460A-87FF-01AEAD5CD160}.Release|x64.ActiveCfg = Release|Any CPU
		{AC06ABE8-F409-460A-87FF-01AEAD5CD160}.Release|x64.Build.0 = Release|Any CPU
		{AC06ABE8-F409-460A-87FF-01AEAD5CD160}.Release|x86.ActiveCfg = Release|Any CPU
		{AC06ABE8-F409-460A-87FF-01AEAD5CD160}.Release|x86.Build.0 = Release|Any CPU
		{5EE2C858-BE5D-4810-B5F5-1DC282DBD255}.Debug|Any CPU.ActiveCfg = Debug|Any CPU
		{5EE2C858-BE5D-4810-B5F5-1DC282DBD255}.Debug|Any CPU.Build.0 = Debug|Any CPU
		{5EE2C858-BE5D-4810-B5F5-1DC282DBD255}.Debug|x64.ActiveCfg = Debug|Any CPU
		{5EE2C858-BE5D-4810-B5F5-1DC282DBD255}.Debug|x64.Build.0 = Debug|Any CPU
		{5EE2C858-BE5D-4810-B5F5-1DC282DBD255}.Debug|x86.ActiveCfg = Debug|Any CPU
		{5EE2C858-BE5D-4810-B5F5-1DC282DBD255}.Debug|x86.Build.0 = Debug|Any CPU
		{5EE2C858-BE5D-4810-B5F5-1DC282DBD255}.Release|Any CPU.ActiveCfg = Release|Any CPU
		{5EE2C858-BE5D-4810-B5F5-1DC282DBD255}.Release|Any CPU.Build.0 = Release|Any CPU
		{5EE2C858-BE5D-4810-B5F5-1DC282DBD255}.Release|x64.ActiveCfg = Release|Any CPU
		{5EE2C858-BE5D-4810-B5F5-1DC282DBD255}.Release|x64.Build.0 = Release|Any CPU
		{5EE2C858-BE5D-4810-B5F5-1DC282DBD255}.Release|x86.ActiveCfg = Release|Any CPU
		{5EE2C858-BE5D-4810-B5F5-1DC282DBD255}.Release|x86.Build.0 = Release|Any CPU
	EndGlobalSection
EndGlobal
